{
  "object": {
    "pins": [
      {
        "package": "Nimble",
        "repositoryURL": "https://github.com/Quick/Nimble.git",
        "state": {
          "branch": null,
          "revision": "38c9ab0846a3fbec308eb2aa9ef68b10a7434eb4",
          "version": "7.0.2"
        }
      },
      {
        "package": "Quick",
        "repositoryURL": "https://github.com/Quick/Quick.git",
        "state": {
          "branch": null,
          "revision": "0ff81f2c665b4381f526bd656f8708dd52a9ea2f",
          "version": "1.2.0"
        }
      }
    ]
  },
  "version": 1
}
