// !$*UTF8*$!
{
	archiveVersion = 1;
	classes = {
	};
	objectVersion = 46;
	objects = {

/* Begin PBXBuildFile section */
		OBJ_31 /* Navigation.swift in Sources */ = {isa = PBXBuildFile; fileRef = OBJ_8 /* Navigation.swift */; };
		OBJ_32 /* UIViewController+TopMostViewController.swift in Sources */ = {isa = PBXBuildFile; fileRef = OBJ_9 /* UIViewController+TopMostViewController.swift */; };
		OBJ_33 /* URLConvertible.swift in Sources */ = {isa = PBXBuildFile; fileRef = OBJ_10 /* URLConvertible.swift */; };
		OBJ_34 /* URLMatcher.swift in Sources */ = {isa = PBXBuildFile; fileRef = OBJ_11 /* URLMatcher.swift */; };
		OBJ_35 /* URLNavigable.swift in Sources */ = {isa = PBXBuildFile; fileRef = OBJ_12 /* URLNavigable.swift */; };
		OBJ_36 /* URLNavigator.swift in Sources */ = {isa = PBXBuildFile; fileRef = OBJ_13 /* URLNavigator.swift */; };
		OBJ_43 /* TopMostViewControllerTests.swift in Sources */ = {isa = PBXBuildFile; fileRef = OBJ_16 /* TopMostViewControllerTests.swift */; };
		OBJ_44 /* URLConvertibleTests.swift in Sources */ = {isa = PBXBuildFile; fileRef = OBJ_17 /* URLConvertibleTests.swift */; };
		OBJ_45 /* URLMatcherInternalTests.swift in Sources */ = {isa = PBXBuildFile; fileRef = OBJ_18 /* URLMatcherInternalTests.swift */; };
		OBJ_46 /* URLMatcherPublicTests.swift in Sources */ = {isa = PBXBuildFile; fileRef = OBJ_19 /* URLMatcherPublicTests.swift */; };
		OBJ_47 /* URLMatcherTests.swift in Sources */ = {isa = PBXBuildFile; fileRef = OBJ_20 /* URLMatcherTests.swift */; };
		OBJ_48 /* URLNavigatorPublicTests.swift in Sources */ = {isa = PBXBuildFile; fileRef = OBJ_21 /* URLNavigatorPublicTests.swift */; };
		OBJ_50 /* URLNavigator.framework in Frameworks */ = {isa = PBXBuildFile; fileRef = OBJ_24 /* URLNavigator.framework */; };
/* End PBXBuildFile section */

/* Begin PBXContainerItemProxy section */
		03C5619C1F5F9DCC00D0FEF8 /* PBXContainerItemProxy */ = {
			isa = PBXContainerItemProxy;
			containerPortal = OBJ_1 /* Project object */;
			proxyType = 1;
			remoteGlobalIDString = OBJ_26;
			remoteInfo = URLNavigator;
		};
/* End PBXContainerItemProxy section */

/* Begin PBXFileReference section */
		OBJ_10 /* URLConvertible.swift */ = {isa = PBXFileReference; lastKnownFileType = sourcecode.swift; path = URLConvertible.swift; sourceTree = "<group>"; };
		OBJ_11 /* URLMatcher.swift */ = {isa = PBXFileReference; lastKnownFileType = sourcecode.swift; path = URLMatcher.swift; sourceTree = "<group>"; };
		OBJ_12 /* URLNavigable.swift */ = {isa = PBXFileReference; lastKnownFileType = sourcecode.swift; path = URLNavigable.swift; sourceTree = "<group>"; };
		OBJ_13 /* URLNavigator.swift */ = {isa = PBXFileReference; lastKnownFileType = sourcecode.swift; path = URLNavigator.swift; sourceTree = "<group>"; };
		OBJ_16 /* TopMostViewControllerTests.swift */ = {isa = PBXFileReference; lastKnownFileType = sourcecode.swift; path = TopMostViewControllerTests.swift; sourceTree = "<group>"; };
		OBJ_17 /* URLConvertibleTests.swift */ = {isa = PBXFileReference; lastKnownFileType = sourcecode.swift; path = URLConvertibleTests.swift; sourceTree = "<group>"; };
		OBJ_18 /* URLMatcherInternalTests.swift */ = {isa = PBXFileReference; lastKnownFileType = sourcecode.swift; path = URLMatcherInternalTests.swift; sourceTree = "<group>"; };
		OBJ_19 /* URLMatcherPublicTests.swift */ = {isa = PBXFileReference; lastKnownFileType = sourcecode.swift; path = URLMatcherPublicTests.swift; sourceTree = "<group>"; };
		OBJ_20 /* URLMatcherTests.swift */ = {isa = PBXFileReference; lastKnownFileType = sourcecode.swift; path = URLMatcherTests.swift; sourceTree = "<group>"; };
		OBJ_21 /* URLNavigatorPublicTests.swift */ = {isa = PBXFileReference; lastKnownFileType = sourcecode.swift; path = URLNavigatorPublicTests.swift; sourceTree = "<group>"; };
		OBJ_22 /* Example */ = {isa = PBXFileReference; lastKnownFileType = folder; path = Example; sourceTree = SOURCE_ROOT; };
		OBJ_24 /* URLNavigator.framework */ = {isa = PBXFileReference; explicitFileType = wrapper.framework; path = URLNavigator.framework; sourceTree = BUILT_PRODUCTS_DIR; };
		OBJ_25 /* URLNavigatorTests.xctest */ = {isa = PBXFileReference; lastKnownFileType = file; path = URLNavigatorTests.xctest; sourceTree = BUILT_PRODUCTS_DIR; };
		OBJ_6 /* Package.swift */ = {isa = PBXFileReference; explicitFileType = sourcecode.swift; path = Package.swift; sourceTree = "<group>"; };
		OBJ_8 /* Navigation.swift */ = {isa = PBXFileReference; lastKnownFileType = sourcecode.swift; path = Navigation.swift; sourceTree = "<group>"; };
		OBJ_9 /* UIViewController+TopMostViewController.swift */ = {isa = PBXFileReference; lastKnownFileType = sourcecode.swift; path = "UIViewController+TopMostViewController.swift"; sourceTree = "<group>"; };
/* End PBXFileReference section */

/* Begin PBXFrameworksBuildPhase section */
		OBJ_37 /* Frameworks */ = {
			isa = PBXFrameworksBuildPhase;
			buildActionMask = 0;
			files = (
			);
			runOnlyForDeploymentPostprocessing = 0;
		};
		OBJ_49 /* Frameworks */ = {
			isa = PBXFrameworksBuildPhase;
			buildActionMask = 0;
			files = (
				OBJ_50 /* URLNavigator.framework in Frameworks */,
			);
			runOnlyForDeploymentPostprocessing = 0;
		};
/* End PBXFrameworksBuildPhase section */

/* Begin PBXGroup section */
		OBJ_14 /* Tests */ = {
			isa = PBXGroup;
			children = (
				OBJ_15 /* URLNavigatorTests */,
			);
			name = Tests;
			sourceTree = SOURCE_ROOT;
		};
		OBJ_15 /* URLNavigatorTests */ = {
			isa = PBXGroup;
			children = (
				OBJ_16 /* TopMostViewControllerTests.swift */,
				OBJ_17 /* URLConvertibleTests.swift */,
				OBJ_18 /* URLMatcherInternalTests.swift */,
				OBJ_19 /* URLMatcherPublicTests.swift */,
				OBJ_20 /* URLMatcherTests.swift */,
				OBJ_21 /* URLNavigatorPublicTests.swift */,
			);
			name = URLNavigatorTests;
			path = Tests/URLNavigatorTests;
			sourceTree = SOURCE_ROOT;
		};
		OBJ_23 /* Products */ = {
			isa = PBXGroup;
			children = (
				OBJ_24 /* URLNavigator.framework */,
				OBJ_25 /* URLNavigatorTests.xctest */,
			);
			name = Products;
			sourceTree = BUILT_PRODUCTS_DIR;
		};
		OBJ_5 /*  */ = {
			isa = PBXGroup;
			children = (
				OBJ_6 /* Package.swift */,
				OBJ_7 /* Sources */,
				OBJ_14 /* Tests */,
				OBJ_22 /* Example */,
				OBJ_23 /* Products */,
			);
			name = "";
			sourceTree = "<group>";
		};
		OBJ_7 /* Sources */ = {
			isa = PBXGroup;
			children = (
				OBJ_8 /* Navigation.swift */,
				OBJ_9 /* UIViewController+TopMostViewController.swift */,
				OBJ_10 /* URLConvertible.swift */,
				OBJ_11 /* URLMatcher.swift */,
				OBJ_12 /* URLNavigable.swift */,
				OBJ_13 /* URLNavigator.swift */,
			);
			path = Sources;
			sourceTree = SOURCE_ROOT;
		};
/* End PBXGroup section */

/* Begin PBXNativeTarget section */
		OBJ_26 /* URLNavigator */ = {
			isa = PBXNativeTarget;
			buildConfigurationList = OBJ_27 /* Build configuration list for PBXNativeTarget "URLNavigator" */;
			buildPhases = (
				OBJ_30 /* Sources */,
				OBJ_37 /* Frameworks */,
			);
			buildRules = (
			);
			dependencies = (
			);
			name = URLNavigator;
			productName = URLNavigator;
			productReference = OBJ_24 /* URLNavigator.framework */;
			productType = "com.apple.product-type.framework";
		};
		OBJ_38 /* URLNavigatorTests */ = {
			isa = PBXNativeTarget;
			buildConfigurationList = OBJ_39 /* Build configuration list for PBXNativeTarget "URLNavigatorTests" */;
			buildPhases = (
				OBJ_42 /* Sources */,
				OBJ_49 /* Frameworks */,
			);
			buildRules = (
			);
			dependencies = (
				OBJ_51 /* PBXTargetDependency */,
			);
			name = URLNavigatorTests;
			productName = URLNavigatorTests;
			productReference = OBJ_25 /* URLNavigatorTests.xctest */;
			productType = "com.apple.product-type.bundle.unit-test";
		};
/* End PBXNativeTarget section */

/* Begin PBXProject section */
		OBJ_1 /* Project object */ = {
			isa = PBXProject;
			attributes = {
				LastUpgradeCheck = 9999;
			};
			buildConfigurationList = OBJ_2 /* Build configuration list for PBXProject "URLNavigator" */;
			compatibilityVersion = "Xcode 3.2";
			developmentRegion = English;
			hasScannedForEncodings = 0;
			knownRegions = (
				en,
			);
			mainGroup = OBJ_5 /*  */;
			productRefGroup = OBJ_23 /* Products */;
			projectDirPath = "";
			projectRoot = "";
			targets = (
				OBJ_26 /* URLNavigator */,
				OBJ_38 /* URLNavigatorTests */,
			);
		};
/* End PBXProject section */

/* Begin PBXSourcesBuildPhase section */
		OBJ_30 /* Sources */ = {
			isa = PBXSourcesBuildPhase;
			buildActionMask = 0;
			files = (
				OBJ_31 /* Navigation.swift in Sources */,
				OBJ_32 /* UIViewController+TopMostViewController.swift in Sources */,
				OBJ_33 /* URLConvertible.swift in Sources */,
				OBJ_34 /* URLMatcher.swift in Sources */,
				OBJ_35 /* URLNavigable.swift in Sources */,
				OBJ_36 /* URLNavigator.swift in Sources */,
			);
			runOnlyForDeploymentPostprocessing = 0;
		};
		OBJ_42 /* Sources */ = {
			isa = PBXSourcesBuildPhase;
			buildActionMask = 0;
			files = (
				OBJ_43 /* TopMostViewControllerTests.swift in Sources */,
				OBJ_44 /* URLConvertibleTests.swift in Sources */,
				OBJ_45 /* URLMatcherInternalTests.swift in Sources */,
				OBJ_46 /* URLMatcherPublicTests.swift in Sources */,
				OBJ_47 /* URLMatcherTests.swift in Sources */,
				OBJ_48 /* URLNavigatorPublicTests.swift in Sources */,
			);
			runOnlyForDeploymentPostprocessing = 0;
		};
/* End PBXSourcesBuildPhase section */

/* Begin PBXTargetDependency section */
		OBJ_51 /* PBXTargetDependency */ = {
			isa = PBXTargetDependency;
			target = OBJ_26 /* URLNavigator */;
			targetProxy = 03C5619C1F5F9DCC00D0FEF8 /* PBXContainerItemProxy */;
		};
/* End PBXTargetDependency section */

/* Begin XCBuildConfiguration section */
		OBJ_28 /* Debug */ = {
			isa = XCBuildConfiguration;
			buildSettings = {
				ENABLE_TESTABILITY = YES;
				FRAMEWORK_SEARCH_PATHS = (
					"$(inherited)",
					"$(PLATFORM_DIR)/Developer/Library/Frameworks",
				);
				HEADER_SEARCH_PATHS = "$(inherited)";
				INFOPLIST_FILE = URLNavigator.xcodeproj/URLNavigator_Info.plist;
				LD_RUNPATH_SEARCH_PATHS = "$(TOOLCHAIN_DIR)/usr/lib/swift/macosx";
				OTHER_LDFLAGS = "$(inherited)";
				OTHER_SWIFT_FLAGS = "$(inherited)";
				PRODUCT_BUNDLE_IDENTIFIER = URLNavigator;
				PRODUCT_MODULE_NAME = "$(TARGET_NAME:c99extidentifier)";
				PRODUCT_NAME = "$(TARGET_NAME:c99extidentifier)";
				SKIP_INSTALL = YES;
				TARGET_NAME = URLNavigator;
			};
			name = Debug;
		};
		OBJ_29 /* Release */ = {
			isa = XCBuildConfiguration;
			buildSettings = {
				ENABLE_TESTABILITY = YES;
				FRAMEWORK_SEARCH_PATHS = (
					"$(inherited)",
					"$(PLATFORM_DIR)/Developer/Library/Frameworks",
				);
				HEADER_SEARCH_PATHS = "$(inherited)";
				INFOPLIST_FILE = URLNavigator.xcodeproj/URLNavigator_Info.plist;
				LD_RUNPATH_SEARCH_PATHS = "$(TOOLCHAIN_DIR)/usr/lib/swift/macosx";
				OTHER_LDFLAGS = "$(inherited)";
				OTHER_SWIFT_FLAGS = "$(inherited)";
				PRODUCT_BUNDLE_IDENTIFIER = URLNavigator;
				PRODUCT_MODULE_NAME = "$(TARGET_NAME:c99extidentifier)";
				PRODUCT_NAME = "$(TARGET_NAME:c99extidentifier)";
				SKIP_INSTALL = YES;
				TARGET_NAME = URLNavigator;
			};
			name = Release;
		};
		OBJ_3 /* Debug */ = {
			isa = XCBuildConfiguration;
			buildSettings = {
				CLANG_ENABLE_OBJC_ARC = YES;
				COMBINE_HIDPI_IMAGES = YES;
				COPY_PHASE_STRIP = NO;
				DEBUG_INFORMATION_FORMAT = dwarf;
				DYLIB_INSTALL_NAME_BASE = "@rpath";
				ENABLE_NS_ASSERTIONS = YES;
				GCC_OPTIMIZATION_LEVEL = 0;
				MACOSX_DEPLOYMENT_TARGET = 10.10;
				ONLY_ACTIVE_ARCH = YES;
				OTHER_SWIFT_FLAGS = "-DXcode";
				PRODUCT_NAME = "$(TARGET_NAME)";
				SDKROOT = macosx;
				SUPPORTED_PLATFORMS = "macosx iphoneos iphonesimulator appletvos appletvsimulator watchos watchsimulator";
				SWIFT_ACTIVE_COMPILATION_CONDITIONS = SWIFT_PACKAGE;
				SWIFT_OPTIMIZATION_LEVEL = "-Onone";
				SWIFT_VERSION = 3.0;
				USE_HEADERMAP = NO;
			};
			name = Debug;
		};
		OBJ_4 /* Release */ = {
			isa = XCBuildConfiguration;
			buildSettings = {
				CLANG_ENABLE_OBJC_ARC = YES;
				COMBINE_HIDPI_IMAGES = YES;
				COPY_PHASE_STRIP = YES;
				DEBUG_INFORMATION_FORMAT = "dwarf-with-dsym";
				DYLIB_INSTALL_NAME_BASE = "@rpath";
				GCC_OPTIMIZATION_LEVEL = s;
				MACOSX_DEPLOYMENT_TARGET = 10.10;
				OTHER_SWIFT_FLAGS = "-DXcode";
				PRODUCT_NAME = "$(TARGET_NAME)";
				SDKROOT = macosx;
				SUPPORTED_PLATFORMS = "macosx iphoneos iphonesimulator appletvos appletvsimulator watchos watchsimulator";
				SWIFT_ACTIVE_COMPILATION_CONDITIONS = SWIFT_PACKAGE;
				SWIFT_OPTIMIZATION_LEVEL = "-Owholemodule";
				SWIFT_VERSION = 3.0;
				USE_HEADERMAP = NO;
			};
			name = Release;
		};
		OBJ_40 /* Debug */ = {
			isa = XCBuildConfiguration;
			buildSettings = {
				EMBEDDED_CONTENT_CONTAINS_SWIFT = YES;
				FRAMEWORK_SEARCH_PATHS = (
					"$(inherited)",
					"$(PLATFORM_DIR)/Developer/Library/Frameworks",
				);
				HEADER_SEARCH_PATHS = "$(inherited)";
				INFOPLIST_FILE = URLNavigator.xcodeproj/URLNavigatorTests_Info.plist;
				LD_RUNPATH_SEARCH_PATHS = "@loader_path/../Frameworks @loader_path/Frameworks";
				OTHER_LDFLAGS = "$(inherited)";
				OTHER_SWIFT_FLAGS = "$(inherited)";
				TARGET_NAME = URLNavigatorTests;
			};
			name = Debug;
		};
		OBJ_41 /* Release */ = {
			isa = XCBuildConfiguration;
			buildSettings = {
				EMBEDDED_CONTENT_CONTAINS_SWIFT = YES;
				FRAMEWORK_SEARCH_PATHS = (
					"$(inherited)",
					"$(PLATFORM_DIR)/Developer/Library/Frameworks",
				);
				HEADER_SEARCH_PATHS = "$(inherited)";
				INFOPLIST_FILE = URLNavigator.xcodeproj/URLNavigatorTests_Info.plist;
				LD_RUNPATH_SEARCH_PATHS = "@loader_path/../Frameworks @loader_path/Frameworks";
				OTHER_LDFLAGS = "$(inherited)";
				OTHER_SWIFT_FLAGS = "$(inherited)";
				TARGET_NAME = URLNavigatorTests;
			};
			name = Release;
		};
/* End XCBuildConfiguration section */

/* Begin XCConfigurationList section */
		OBJ_2 /* Build configuration list for PBXProject "URLNavigator" */ = {
			isa = XCConfigurationList;
			buildConfigurations = (
				OBJ_3 /* Debug */,
				OBJ_4 /* Release */,
			);
			defaultConfigurationIsVisible = 0;
			defaultConfigurationName = Debug;
		};
		OBJ_27 /* Build configuration list for PBXNativeTarget "URLNavigator" */ = {
			isa = XCConfigurationList;
			buildConfigurations = (
				OBJ_28 /* Debug */,
				OBJ_29 /* Release */,
			);
			defaultConfigurationIsVisible = 0;
			defaultConfigurationName = Debug;
		};
		OBJ_39 /* Build configuration list for PBXNativeTarget "URLNavigatorTests" */ = {
			isa = XCConfigurationList;
			buildConfigurations = (
				OBJ_40 /* Debug */,
				OBJ_41 /* Release */,
			);
			defaultConfigurationIsVisible = 0;
			defaultConfigurationName = Debug;
		};
/* End XCConfigurationList section */
	};
	rootObject = OBJ_1 /* Project object */;
}
